
Microsoft Visual Studio Solution File, Format Version 12.00
# Visual Studio Version 16
VisualStudioVersion = 16.0.29920.165
MinimumVisualStudioVersion = 10.0.40219.1
Project("{FAE04EC0-301F-11D3-BF4B-00C04F79EFBC}") = "WhatsMySteamId", "WhatsMySteamId\WhatsMySteamId.csproj", "{82ED1458-8A5E-4583-84F6-A83F6F1A1284}"
EndProject
Global
	GlobalSection(SolutionConfigurationPlatforms) = preSolution
		Debug|Any CPU = Debug|Any CPU
		Release|Any CPU = Release|Any CPU
	EndGlobalSection
	GlobalSection(ProjectConfigurationPlatforms) = postSolution
		{82ED1458-8A5E-4583-84F6-A83F6F1A1284}.Debug|Any CPU.ActiveCfg = Debug|Any CPU
		{82ED1458-8A5E-4583-84F6-A83F6F1A1284}.Debug|Any CPU.Build.0 = Debug|Any CPU
		{82ED1458-8A5E-4583-84F6-A83F6F1A1284}.Release|Any CPU.ActiveCfg = Release|Any CPU
		{82ED1458-8A5E-4583-84F6-A83F6F1A1284}.Release|Any CPU.Build.0 = Release|Any CPU
	EndGlobalSection
	GlobalSection(SolutionProperties) = preSolution
		HideSolutionNode = FALSE
	EndGlobalSection
	GlobalSection(ExtensibilityGlobals) = postSolution
		SolutionGuid = {6F661C74-698C-4C63-9971-BE066A632F70}
	EndGlobalSection
EndGlobal
